github.com/ramamimu/golang-modules v1.1.0 h1:o653aeyOtu3MRWHim7SV5E5WBgXxz8q6dIXVUWy8lwk=
github.com/ramamimu/golang-modules v1.1.0/go.mod h1:ZCkRjRysQWDwpPrOKnYArBRR6gXmEgbn5SJLSbQP4PU=
github.com/ramamimu/golang-modules v1.1.2 h1:Dr8cOEKO0Dc/1Z3UCf1kEqGP93z0OXmqn/2Bk8d1rNw=
github.com/ramamimu/golang-modules v1.1.2/go.mod h1:ZCkRjRysQWDwpPrOKnYArBRR6gXmEgbn5SJLSbQP4PU=
